
Microsoft Visual Studio Solution File, Format Version 12.00
# Visual Studio Version 16
VisualStudioVersion = 16.0.29230.47
MinimumVisualStudioVersion = 10.0.40219.1
Project("{9A19103F-16F7-4668-BE54-9A1E7A4F7556}") = "EducationApp.BusinessLogicLayer", "EducationApp.BusinessLogicLayer\EducationApp.BusinessLogicLayer.csproj", "{1DFC446B-EAD0-45C9-BCF8-3C7D1CDD27F4}"
EndProject
Project("{9A19103F-16F7-4668-BE54-9A1E7A4F7556}") = "EducationApp.DataAccessLayer", "EducationApp.DataAccessLayer\EducationApp.DataAccessLayer.csproj", "{54941687-9374-4E85-ABD3-D94A05155850}"
EndProject
Global
	GlobalSection(SolutionConfigurationPlatforms) = preSolution
		Debug|Any CPU = Debug|Any CPU
		Release|Any CPU = Release|Any CPU
	EndGlobalSection
	GlobalSection(ProjectConfigurationPlatforms) = postSolution
		{1DFC446B-EAD0-45C9-BCF8-3C7D1CDD27F4}.Debug|Any CPU.ActiveCfg = Debug|Any CPU
		{1DFC446B-EAD0-45C9-BCF8-3C7D1CDD27F4}.Debug|Any CPU.Build.0 = Debug|Any CPU
		{1DFC446B-EAD0-45C9-BCF8-3C7D1CDD27F4}.Release|Any CPU.ActiveCfg = Release|Any CPU
		{1DFC446B-EAD0-45C9-BCF8-3C7D1CDD27F4}.Release|Any CPU.Build.0 = Release|Any CPU
		{54941687-9374-4E85-ABD3-D94A05155850}.Debug|Any CPU.ActiveCfg = Debug|Any CPU
		{54941687-9374-4E85-ABD3-D94A05155850}.Debug|Any CPU.Build.0 = Debug|Any CPU
		{54941687-9374-4E85-ABD3-D94A05155850}.Release|Any CPU.ActiveCfg = Release|Any CPU
		{54941687-9374-4E85-ABD3-D94A05155850}.Release|Any CPU.Build.0 = Release|Any CPU
	EndGlobalSection
	GlobalSection(SolutionProperties) = preSolution
		HideSolutionNode = FALSE
	EndGlobalSection
	GlobalSection(ExtensibilityGlobals) = postSolution
		SolutionGuid = {DFCFBE33-5E9D-4C15-B050-9D01F5FEA040}
	EndGlobalSection
EndGlobal
